
Microsoft Visual Studio Solution File, Format Version 12.00
# Visual Studio Version 16
VisualStudioVersion = 16.0.30204.135
MinimumVisualStudioVersion = 10.0.40219.1
Project("{FAE04EC0-301F-11D3-BF4B-00C04F79EFBC}") = "Ex04.Menus.Interfaces", "Ex04.Menus.Interfaces\Ex04.Menus.Interfaces.csproj", "{9CFBD5B0-A89E-4F3F-B7F5-C7B6E526C5B6}"
EndProject
Project("{FAE04EC0-301F-11D3-BF4B-00C04F79EFBC}") = "Ex04.Menus.Delegates", "Ex04.Menus.Delegates\Ex04.Menus.Delegates.csproj", "{55457147-B873-4F67-8306-F1934F211D2B}"
EndProject
Project("{FAE04EC0-301F-11D3-BF4B-00C04F79EFBC}") = "Ex04.Menus.Test", "Ex04.Menus.Test\Ex04.Menus.Test.csproj", "{27DFC7AB-2448-4FB4-92F0-3045D53EEB30}"
EndProject
Global
	GlobalSection(SolutionConfigurationPlatforms) = preSolution
		Debug|Any CPU = Debug|Any CPU
		Release|Any CPU = Release|Any CPU
	EndGlobalSection
	GlobalSection(ProjectConfigurationPlatforms) = postSolution
		{9CFBD5B0-A89E-4F3F-B7F5-C7B6E526C5B6}.Debug|Any CPU.ActiveCfg = Debug|Any CPU
		{9CFBD5B0-A89E-4F3F-B7F5-C7B6E526C5B6}.Debug|Any CPU.Build.0 = Debug|Any CPU
		{9CFBD5B0-A89E-4F3F-B7F5-C7B6E526C5B6}.Release|Any CPU.ActiveCfg = Release|Any CPU
		{9CFBD5B0-A89E-4F3F-B7F5-C7B6E526C5B6}.Release|Any CPU.Build.0 = Release|Any CPU
		{55457147-B873-4F67-8306-F1934F211D2B}.Debug|Any CPU.ActiveCfg = Debug|Any CPU
		{55457147-B873-4F67-8306-F1934F211D2B}.Debug|Any CPU.Build.0 = Debug|Any CPU
		{55457147-B873-4F67-8306-F1934F211D2B}.Release|Any CPU.ActiveCfg = Release|Any CPU
		{55457147-B873-4F67-8306-F1934F211D2B}.Release|Any CPU.Build.0 = Release|Any CPU
		{27DFC7AB-2448-4FB4-92F0-3045D53EEB30}.Debug|Any CPU.ActiveCfg = Debug|Any CPU
		{27DFC7AB-2448-4FB4-92F0-3045D53EEB30}.Debug|Any CPU.Build.0 = Debug|Any CPU
		{27DFC7AB-2448-4FB4-92F0-3045D53EEB30}.Release|Any CPU.ActiveCfg = Release|Any CPU
		{27DFC7AB-2448-4FB4-92F0-3045D53EEB30}.Release|Any CPU.Build.0 = Release|Any CPU
	EndGlobalSection
	GlobalSection(SolutionProperties) = preSolution
		HideSolutionNode = FALSE
	EndGlobalSection
	GlobalSection(ExtensibilityGlobals) = postSolution
		SolutionGuid = {503CFC70-A45B-44A1-90A5-5890CDC4F494}
	EndGlobalSection
EndGlobal
